
Microsoft Visual Studio Solution File, Format Version 12.00
# Visual Studio Version 16
VisualStudioVersion = 16.0.31424.327
MinimumVisualStudioVersion = 10.0.40219.1
Project("{8BC9CEB8-8B4A-11D0-8D11-00A0C91BC942}") = "4OVMAP_mod", "4OVMAP_mod.vcxproj", "{12CEAD20-C85B-4E52-9B8F-99818DEC172D}"
EndProject
Global
	GlobalSection(SolutionConfigurationPlatforms) = preSolution
		Debug|x64 = Debug|x64
		Debug|x86 = Debug|x86
		Release|x64 = Release|x64
		Release|x86 = Release|x86
	EndGlobalSection
	GlobalSection(ProjectConfigurationPlatforms) = postSolution
		{12CEAD20-C85B-4E52-9B8F-99818DEC172D}.Debug|x64.ActiveCfg = Debug|x64
		{12CEAD20-C85B-4E52-9B8F-99818DEC172D}.Debug|x64.Build.0 = Debug|x64
		{12CEAD20-C85B-4E52-9B8F-99818DEC172D}.Debug|x86.ActiveCfg = Debug|Win32
		{12CEAD20-C85B-4E52-9B8F-99818DEC172D}.Debug|x86.Build.0 = Debug|Win32
		{12CEAD20-C85B-4E52-9B8F-99818DEC172D}.Release|x64.ActiveCfg = Release|x64
		{12CEAD20-C85B-4E52-9B8F-99818DEC172D}.Release|x64.Build.0 = Release|x64
		{12CEAD20-C85B-4E52-9B8F-99818DEC172D}.Release|x86.ActiveCfg = Release|Win32
		{12CEAD20-C85B-4E52-9B8F-99818DEC172D}.Release|x86.Build.0 = Release|Win32
	EndGlobalSection
	GlobalSection(SolutionProperties) = preSolution
		HideSolutionNode = FALSE
	EndGlobalSection
	GlobalSection(ExtensibilityGlobals) = postSolution
		SolutionGuid = {0E0B86F6-3AF8-4E48-838F-AB3EF3BC595A}
	EndGlobalSection
EndGlobal
